{
  "name": "DOT",
  "lockfileVersion": 3,
  "requires": true,
  "packages": {
    "": {
      "dependencies": {
        "qrcode.vue": "^3.10.0"
      }
    },
    "node_modules/qrcode.vue": {
      "version": "3.10.0",
      "resolved": "https://registry.npmjs.org/qrcode.vue/-/qrcode.vue-3.10.0.tgz",
      "integrity": "sha512-1bjeBds9hRKMszZuBuYQZor9HdJYWtb0S44HG1JofZ9uicpJpdF+TtDvqo3+2ZlH0k80WVIkmiKB4hq0/N6/rA==",
      "license": "MIT",
      "peerDependencies": {
        "vue": "^3.0.0"
      }
    }
  }
}
